
Microsoft Visual Studio Solution File, Format Version 12.00
# Visual Studio Version 17
VisualStudioVersion = 17.0.31903.59
MinimumVisualStudioVersion = 10.0.40219.1
Project("{FAE04EC0-301F-11D3-BF4B-00C04F79EFBC}") = "TaskService.AIAdapter", "TaskService.AIAdapter\TaskService.AIAdapter.csproj", "{C960E9B6-3341-409F-BC40-78D1D989F485}"
EndProject
Project("{FAE04EC0-301F-11D3-BF4B-00C04F79EFBC}") = "TaskService.API", "TaskService.API\TaskService.API.csproj", "{1F37C21E-E170-45B3-9D0B-99FA50183388}"
EndProject
Project("{FAE04EC0-301F-11D3-BF4B-00C04F79EFBC}") = "TaskService.Core", "TaskService.Core\TaskService.Core.csproj", "{56C5D537-8612-48E5-B7BF-75A182532B8A}"
EndProject
Project("{FAE04EC0-301F-11D3-BF4B-00C04F79EFBC}") = "TaskService.Infrastructure", "TaskService.Infrastructure\TaskService.Infrastructure.csproj", "{9775056A-A616-444F-A68F-237B232638F5}"
EndProject
Project("{FAE04EC0-301F-11D3-BF4B-00C04F79EFBC}") = "TaskService.Tests", "TaskService.Tests\TaskService.Tests.csproj", "{330AEDC9-A883-45B0-BCFB-BB7446AC3813}"
EndProject
Global
	GlobalSection(SolutionConfigurationPlatforms) = preSolution
		Debug|Any CPU = Debug|Any CPU
		Debug|x64 = Debug|x64
		Debug|x86 = Debug|x86
		Release|Any CPU = Release|Any CPU
		Release|x64 = Release|x64
		Release|x86 = Release|x86
	EndGlobalSection
	GlobalSection(ProjectConfigurationPlatforms) = postSolution
		{C960E9B6-3341-409F-BC40-78D1D989F485}.Debug|Any CPU.ActiveCfg = Debug|Any CPU
		{C960E9B6-3341-409F-BC40-78D1D989F485}.Debug|Any CPU.Build.0 = Debug|Any CPU
		{C960E9B6-3341-409F-BC40-78D1D989F485}.Debug|x64.ActiveCfg = Debug|Any CPU
		{C960E9B6-3341-409F-BC40-78D1D989F485}.Debug|x64.Build.0 = Debug|Any CPU
		{C960E9B6-3341-409F-BC40-78D1D989F485}.Debug|x86.ActiveCfg = Debug|Any CPU
		{C960E9B6-3341-409F-BC40-78D1D989F485}.Debug|x86.Build.0 = Debug|Any CPU
		{C960E9B6-3341-409F-BC40-78D1D989F485}.Release|Any CPU.ActiveCfg = Release|Any CPU
		{C960E9B6-3341-409F-BC40-78D1D989F485}.Release|Any CPU.Build.0 = Release|Any CPU
		{C960E9B6-3341-409F-BC40-78D1D989F485}.Release|x64.ActiveCfg = Release|Any CPU
		{C960E9B6-3341-409F-BC40-78D1D989F485}.Release|x64.Build.0 = Release|Any CPU
		{C960E9B6-3341-409F-BC40-78D1D989F485}.Release|x86.ActiveCfg = Release|Any CPU
		{C960E9B6-3341-409F-BC40-78D1D989F485}.Release|x86.Build.0 = Release|Any CPU
		{1F37C21E-E170-45B3-9D0B-99FA50183388}.Debug|Any CPU.ActiveCfg = Debug|Any CPU
		{1F37C21E-E170-45B3-9D0B-99FA50183388}.Debug|Any CPU.Build.0 = Debug|Any CPU
		{1F37C21E-E170-45B3-9D0B-99FA50183388}.Debug|x64.ActiveCfg = Debug|Any CPU
		{1F37C21E-E170-45B3-9D0B-99FA50183388}.Debug|x64.Build.0 = Debug|Any CPU
		{1F37C21E-E170-45B3-9D0B-99FA50183388}.Debug|x86.ActiveCfg = Debug|Any CPU
		{1F37C21E-E170-45B3-9D0B-99FA50183388}.Debug|x86.Build.0 = Debug|Any CPU
		{1F37C21E-E170-45B3-9D0B-99FA50183388}.Release|Any CPU.ActiveCfg = Release|Any CPU
		{1F37C21E-E170-45B3-9D0B-99FA50183388}.Release|Any CPU.Build.0 = Release|Any CPU
		{1F37C21E-E170-45B3-9D0B-99FA50183388}.Release|x64.ActiveCfg = Release|Any CPU
		{1F37C21E-E170-45B3-9D0B-99FA50183388}.Release|x64.Build.0 = Release|Any CPU
		{1F37C21E-E170-45B3-9D0B-99FA50183388}.Release|x86.ActiveCfg = Release|Any CPU
		{1F37C21E-E170-45B3-9D0B-99FA50183388}.Release|x86.Build.0 = Release|Any CPU
		{56C5D537-8612-48E5-B7BF-75A182532B8A}.Debug|Any CPU.ActiveCfg = Debug|Any CPU
		{56C5D537-8612-48E5-B7BF-75A182532B8A}.Debug|Any CPU.Build.0 = Debug|Any CPU
		{56C5D537-8612-48E5-B7BF-75A182532B8A}.Debug|x64.ActiveCfg = Debug|Any CPU
		{56C5D537-8612-48E5-B7BF-75A182532B8A}.Debug|x64.Build.0 = Debug|Any CPU
		{56C5D537-8612-48E5-B7BF-75A182532B8A}.Debug|x86.ActiveCfg = Debug|Any CPU
		{56C5D537-8612-48E5-B7BF-75A182532B8A}.Debug|x86.Build.0 = Debug|Any CPU
		{56C5D537-8612-48E5-B7BF-75A182532B8A}.Release|Any CPU.ActiveCfg = Release|Any CPU
		{56C5D537-8612-48E5-B7BF-75A182532B8A}.Release|Any CPU.Build.0 = Release|Any CPU
		{56C5D537-8612-48E5-B7BF-75A182532B8A}.Release|x64.ActiveCfg = Release|Any CPU
		{56C5D537-8612-48E5-B7BF-75A182532B8A}.Release|x64.Build.0 = Release|Any CPU
		{56C5D537-8612-48E5-B7BF-75A182532B8A}.Release|x86.ActiveCfg = Release|Any CPU
		{56C5D537-8612-48E5-B7BF-75A182532B8A}.Release|x86.Build.0 = Release|Any CPU
		{9775056A-A616-444F-A68F-237B232638F5}.Debug|Any CPU.ActiveCfg = Debug|Any CPU
		{9775056A-A616-444F-A68F-237B232638F5}.Debug|Any CPU.Build.0 = Debug|Any CPU
		{9775056A-A616-444F-A68F-237B232638F5}.Debug|x64.ActiveCfg = Debug|Any CPU
		{9775056A-A616-444F-A68F-237B232638F5}.Debug|x64.Build.0 = Debug|Any CPU
		{9775056A-A616-444F-A68F-237B232638F5}.Debug|x86.ActiveCfg = Debug|Any CPU
		{9775056A-A616-444F-A68F-237B232638F5}.Debug|x86.Build.0 = Debug|Any CPU
		{9775056A-A616-444F-A68F-237B232638F5}.Release|Any CPU.ActiveCfg = Release|Any CPU
		{9775056A-A616-444F-A68F-237B232638F5}.Release|Any CPU.Build.0 = Release|Any CPU
		{9775056A-A616-444F-A68F-237B232638F5}.Release|x64.ActiveCfg = Release|Any CPU
		{9775056A-A616-444F-A68F-237B232638F5}.Release|x64.Build.0 = Release|Any CPU
		{9775056A-A616-444F-A68F-237B232638F5}.Release|x86.ActiveCfg = Release|Any CPU
		{9775056A-A616-444F-A68F-237B232638F5}.Release|x86.Build.0 = Release|Any CPU
		{330AEDC9-A883-45B0-BCFB-BB7446AC3813}.Debug|Any CPU.ActiveCfg = Debug|Any CPU
		{330AEDC9-A883-45B0-BCFB-BB7446AC3813}.Debug|Any CPU.Build.0 = Debug|Any CPU
		{330AEDC9-A883-45B0-BCFB-BB7446AC3813}.Debug|x64.ActiveCfg = Debug|Any CPU
		{330AEDC9-A883-45B0-BCFB-BB7446AC3813}.Debug|x64.Build.0 = Debug|Any CPU
		{330AEDC9-A883-45B0-BCFB-BB7446AC3813}.Debug|x86.ActiveCfg = Debug|Any CPU
		{330AEDC9-A883-45B0-BCFB-BB7446AC3813}.Debug|x86.Build.0 = Debug|Any CPU
		{330AEDC9-A883-45B0-BCFB-BB7446AC3813}.Release|Any CPU.ActiveCfg = Release|Any CPU
		{330AEDC9-A883-45B0-BCFB-BB7446AC3813}.Release|Any CPU.Build.0 = Release|Any CPU
		{330AEDC9-A883-45B0-BCFB-BB7446AC3813}.Release|x64.ActiveCfg = Release|Any CPU
		{330AEDC9-A883-45B0-BCFB-BB7446AC3813}.Release|x64.Build.0 = Release|Any CPU
		{330AEDC9-A883-45B0-BCFB-BB7446AC3813}.Release|x86.ActiveCfg = Release|Any CPU
		{330AEDC9-A883-45B0-BCFB-BB7446AC3813}.Release|x86.Build.0 = Release|Any CPU
	EndGlobalSection
	GlobalSection(SolutionProperties) = preSolution
		HideSolutionNode = FALSE
	EndGlobalSection
EndGlobal
